{
  "name": "tcms",
  "lockfileVersion": 3,
  "requires": true,
  "packages": {
    "": {
      "dependencies": {
        "backlog.md": "^1.39.2"
      }
    },
    "node_modules/backlog.md": {
      "version": "1.39.2",
      "resolved": "https://registry.npmjs.org/backlog.md/-/backlog.md-1.39.2.tgz",
      "integrity": "sha512-nFPw3CaHx4ZXnAKRrm9t3uCbBIwfakeWuQwu744zK2pRStvdBtQaVRbAlQPIzcnVT588zcLAE5iHpKu6xlvI5Q==",
      "license": "MIT",
      "bin": {
        "backlog": "cli.js"
      },
      "optionalDependencies": {
        "backlog.md-darwin-arm64": "1.39.2",
        "backlog.md-darwin-x64": "1.39.2",
        "backlog.md-linux-arm64": "1.39.2",
        "backlog.md-linux-x64": "1.39.2",
        "backlog.md-windows-x64": "1.39.2"
      }
    },
    "node_modules/backlog.md-darwin-arm64": {
      "version": "1.39.2",
      "resolved": "https://registry.npmjs.org/backlog.md-darwin-arm64/-/backlog.md-darwin-arm64-1.39.2.tgz",
      "integrity": "sha512-0qM6DJ6eO6k+AUmkzmF6IJMWiSdSMXZ/km98DZY5jrp16IaXTIHrwc7mBJYav3P6tEuod9FaYJ2Y5BIRRAQO4g==",
      "cpu": [
        "arm64"
      ],
      "optional": true,
      "os": [
        "darwin"
      ]
    },
    "node_modules/backlog.md-darwin-x64": {
      "version": "1.39.2",
      "resolved": "https://registry.npmjs.org/backlog.md-darwin-x64/-/backlog.md-darwin-x64-1.39.2.tgz",
      "integrity": "sha512-aRDk8/aOjssrtc2QYw3vyf8GNGsfFBz9sWi98vsTsD0pAf8tjLNB/pVosLQcePC9LxmRd/rzpyda9yFQY0vjgw==",
      "cpu": [
        "x64"
      ],
      "optional": true,
      "os": [
        "darwin"
      ]
    },
    "node_modules/backlog.md-linux-arm64": {
      "version": "1.39.2",
      "resolved": "https://registry.npmjs.org/backlog.md-linux-arm64/-/backlog.md-linux-arm64-1.39.2.tgz",
      "integrity": "sha512-QOp7y3FPEf2NNFBaYWcfAF+I1Y2JgoVPOY0ewY16A0xE1jt0x1ksa7Bh157wa65KO+dqVkq9m4zWZ4jnkurQHQ==",
      "cpu": [
        "arm64"
      ],
      "optional": true,
      "os": [
        "linux"
      ]
    },
    "node_modules/backlog.md-linux-x64": {
      "version": "1.39.2",
      "resolved": "https://registry.npmjs.org/backlog.md-linux-x64/-/backlog.md-linux-x64-1.39.2.tgz",
      "integrity": "sha512-kYiBiDKYFEnHtQ1/lG0LVS8dCYbP8QuFbAByYg287yWKodDwPvAUKgwoxq+04TqEY8rcb6BtNVGiZrK4tbSdNg==",
      "cpu": [
        "x64"
      ],
      "optional": true,
      "os": [
        "linux"
      ]
    },
    "node_modules/backlog.md-windows-x64": {
      "version": "1.39.2",
      "resolved": "https://registry.npmjs.org/backlog.md-windows-x64/-/backlog.md-windows-x64-1.39.2.tgz",
      "integrity": "sha512-AuH8w0i472N0hWHqMmaxiR4CERMBBqYWQ5KhafMxCJVGfGe4aohaqfLOo9bED7pQacAB630NIQCkYuYr/ANc2w==",
      "cpu": [
        "x64"
      ],
      "optional": true,
      "os": [
        "win32"
      ]
    }
  }
}
