{
  "name": "tcms-cli",
  "lockfileVersion": 3,
  "requires": true,
  "packages": {
    "": {
      "dependencies": {
        "backlog.md": "^1.36.0"
      }
    },
    "node_modules/backlog.md": {
      "version": "1.36.0",
      "resolved": "https://registry.npmjs.org/backlog.md/-/backlog.md-1.36.0.tgz",
      "integrity": "sha512-GOKv4KOtSXCwGbG07/Mz9seWlDpIPNdz2+fBxvkJ1Q46R4W+Av5uOYumRhyl7AkAfvThgpS4ecdRC2aF1VAfxw==",
      "license": "MIT",
      "bin": {
        "backlog": "cli.js"
      },
      "optionalDependencies": {
        "backlog.md-darwin-arm64": "1.36.0",
        "backlog.md-darwin-x64": "1.36.0",
        "backlog.md-linux-arm64": "1.36.0",
        "backlog.md-linux-x64": "1.36.0",
        "backlog.md-windows-x64": "1.36.0"
      }
    },
    "node_modules/backlog.md-darwin-arm64": {
      "version": "1.36.0",
      "resolved": "https://registry.npmjs.org/backlog.md-darwin-arm64/-/backlog.md-darwin-arm64-1.36.0.tgz",
      "integrity": "sha512-ZVOiSCwy0kTNPFou1qfI6Sc9ANU6IzDLXsCIPvqnOzEFwje+3FnIW0jGv/QZhmLT5zIBZgjmnKyCRi02PZYViQ==",
      "cpu": [
        "arm64"
      ],
      "optional": true,
      "os": [
        "darwin"
      ]
    },
    "node_modules/backlog.md-darwin-x64": {
      "version": "1.36.0",
      "resolved": "https://registry.npmjs.org/backlog.md-darwin-x64/-/backlog.md-darwin-x64-1.36.0.tgz",
      "integrity": "sha512-w8umgJg2zEQ7g5BYNxzZIMLuWDLWfagtHMsqQxDijIJpDiWrof5EekKD1P3FwuTduHWWUz1drct5HwF9QrdReg==",
      "cpu": [
        "x64"
      ],
      "optional": true,
      "os": [
        "darwin"
      ]
    },
    "node_modules/backlog.md-linux-arm64": {
      "version": "1.36.0",
      "resolved": "https://registry.npmjs.org/backlog.md-linux-arm64/-/backlog.md-linux-arm64-1.36.0.tgz",
      "integrity": "sha512-PooW8ZnJn/g3XNOIIHFpgksJAQW8NuFRS+4WPJoX1gb2xZ90WYj8Ef/rAV6QZ+f7aty7g06UgmmtLPzckB2GPA==",
      "cpu": [
        "arm64"
      ],
      "optional": true,
      "os": [
        "linux"
      ]
    },
    "node_modules/backlog.md-linux-x64": {
      "version": "1.36.0",
      "resolved": "https://registry.npmjs.org/backlog.md-linux-x64/-/backlog.md-linux-x64-1.36.0.tgz",
      "integrity": "sha512-2LuDnEeRSmJr4NsbBCocWFbqynOHtr2y8rQu22o9gKryckBVjfc7PHnmVJJlQi4YOG0ENlkNSCe5mtXtjAnlcQ==",
      "cpu": [
        "x64"
      ],
      "optional": true,
      "os": [
        "linux"
      ]
    },
    "node_modules/backlog.md-windows-x64": {
      "version": "1.36.0",
      "resolved": "https://registry.npmjs.org/backlog.md-windows-x64/-/backlog.md-windows-x64-1.36.0.tgz",
      "integrity": "sha512-C4lwYdMMorBCLU1fKGYOVtA+811znji03bdGzBhvhqzIQif16Z8yD/pki2EWK2nsBXcwQ61Dpg+QD9oJ4bbmdQ==",
      "cpu": [
        "x64"
      ],
      "optional": true,
      "os": [
        "win32"
      ]
    }
  }
}
